Microsoft Visual Studio Solution File, Format Version 12.00
# Visual Studio Version 17
VisualStudioVersion = 17.5.2.0
MinimumVisualStudioVersion = 10.0.40219.1
Project("{FAE04EC0-301F-11D3-BF4B-00C04F79EFBC}") = "CreateWorkflowWithYAML", "CreateWorkflowWithYAML.csproj", "{FC4280DA-A2E8-A2B9-B133-B9CF3D048FE6}"
EndProject
Global
	GlobalSection(SolutionConfigurationPlatforms) = preSolution
		Debug|Any CPU = Debug|Any CPU
		Release|Any CPU = Release|Any CPU
	EndGlobalSection
	GlobalSection(ProjectConfigurationPlatforms) = postSolution
		{FC4280DA-A2E8-A2B9-B133-B9CF3D048FE6}.Debug|Any CPU.ActiveCfg = Debug|Any CPU
		{FC4280DA-A2E8-A2B9-B133-B9CF3D048FE6}.Debug|Any CPU.Build.0 = Debug|Any CPU
		{FC4280DA-A2E8-A2B9-B133-B9CF3D048FE6}.Release|Any CPU.ActiveCfg = Release|Any CPU
		{FC4280DA-A2E8-A2B9-B133-B9CF3D048FE6}.Release|Any CPU.Build.0 = Release|Any CPU
	EndGlobalSection
	GlobalSection(SolutionProperties) = preSolution
		HideSolutionNode = FALSE
	EndGlobalSection
	GlobalSection(ExtensibilityGlobals) = postSolution
		SolutionGuid = {E8C7C208-A02C-4A8E-8D31-83A60B8C3D1D}
	EndGlobalSection
EndGlobal
