Microsoft Visual Studio Solution File, Format Version 12.00
# Visual Studio Version 17
VisualStudioVersion = 17.5.2.0
MinimumVisualStudioVersion = 10.0.40219.1
Project("{FAE04EC0-301F-11D3-BF4B-00C04F79EFBC}") = "GHModel.dotNET.AI.Workflow.DevUI", "GHModel.dotNET.AI.Workflow.DevUI.csproj", "{C184D0B7-23DC-9329-C936-D5DF073F77D0}"
EndProject
Global
	GlobalSection(SolutionConfigurationPlatforms) = preSolution
		Debug|Any CPU = Debug|Any CPU
		Release|Any CPU = Release|Any CPU
	EndGlobalSection
	GlobalSection(ProjectConfigurationPlatforms) = postSolution
		{C184D0B7-23DC-9329-C936-D5DF073F77D0}.Debug|Any CPU.ActiveCfg = Debug|Any CPU
		{C184D0B7-23DC-9329-C936-D5DF073F77D0}.Debug|Any CPU.Build.0 = Debug|Any CPU
		{C184D0B7-23DC-9329-C936-D5DF073F77D0}.Release|Any CPU.ActiveCfg = Release|Any CPU
		{C184D0B7-23DC-9329-C936-D5DF073F77D0}.Release|Any CPU.Build.0 = Release|Any CPU
	EndGlobalSection
	GlobalSection(SolutionProperties) = preSolution
		HideSolutionNode = FALSE
	EndGlobalSection
	GlobalSection(ExtensibilityGlobals) = postSolution
		SolutionGuid = {26E22EE0-FBE7-4372-B6FC-F48C0EFBE5FE}
	EndGlobalSection
EndGlobal
